PODS:
  - Capacitor (6.2.0):
    - CapacitorCordova
  - CapacitorCordova (6.2.0)

DEPENDENCIES:
  - "Capacitor (from `../../../../node_modules/.pnpm/@capacitor+ios@6.2.0_@capacitor+core@6.2.0/node_modules/@capacitor/ios`)"
  - "CapacitorCordova (from `../../../../node_modules/.pnpm/@capacitor+ios@6.2.0_@capacitor+core@6.2.0/node_modules/@capacitor/ios`)"

EXTERNAL SOURCES:
  Capacitor:
    :path: "../../../../node_modules/.pnpm/@capacitor+ios@6.2.0_@capacitor+core@6.2.0/node_modules/@capacitor/ios"
  CapacitorCordova:
    :path: "../../../../node_modules/.pnpm/@capacitor+ios@6.2.0_@capacitor+core@6.2.0/node_modules/@capacitor/ios"

SPEC CHECKSUMS:
  Capacitor: 1f3c7b9802d958cd8c4eb63895fff85dff2e1eea
  CapacitorCordova: b33e7f4aa4ed105dd43283acdd940964374a87d9

PODFILE CHECKSUM: 5ba832b40be7eba5d0ddf48606727129d7ae06d8

COCOAPODS: 1.15.2
